
Microsoft Visual Studio Solution File, Format Version 12.00
# Visual Studio 15
VisualStudioVersion = 15.0.27130.2010
MinimumVisualStudioVersion = 10.0.40219.1
Project("{E24C65DC-7377-472B-9ABA-BC803B73C61A}") = "NavalWarsServidor", "NavalWarsServidor\", "{A59C9DC9-8941-4912-AA28-44203FAA8F31}"
	ProjectSection(WebsiteProperties) = preProject
		TargetFrameworkMoniker = ".NETFramework,Version%3Dv3.5"
		Debug.AspNetCompiler.VirtualPath = "/localhost_50439"
		Debug.AspNetCompiler.PhysicalPath = "NavalWarsServidor\"
		Debug.AspNetCompiler.TargetPath = "PrecompiledWeb\localhost_50439\"
		Debug.AspNetCompiler.Updateable = "true"
		Debug.AspNetCompiler.ForceOverwrite = "true"
		Debug.AspNetCompiler.FixedNames = "false"
		Debug.AspNetCompiler.Debug = "True"
		Release.AspNetCompiler.VirtualPath = "/localhost_50439"
		Release.AspNetCompiler.PhysicalPath = "NavalWarsServidor\"
		Release.AspNetCompiler.TargetPath = "PrecompiledWeb\localhost_50439\"
		Release.AspNetCompiler.Updateable = "true"
		Release.AspNetCompiler.ForceOverwrite = "true"
		Release.AspNetCompiler.FixedNames = "false"
		Release.AspNetCompiler.Debug = "False"
		VWDPort = "50439"
		SlnRelativePath = "NavalWarsServidor\"
		DefaultWebSiteLanguage = "Visual C#"
	EndProjectSection
EndProject
Global
	GlobalSection(SolutionConfigurationPlatforms) = preSolution
		Debug|Any CPU = Debug|Any CPU
	EndGlobalSection
	GlobalSection(ProjectConfigurationPlatforms) = postSolution
		{A59C9DC9-8941-4912-AA28-44203FAA8F31}.Debug|Any CPU.ActiveCfg = Debug|Any CPU
		{A59C9DC9-8941-4912-AA28-44203FAA8F31}.Debug|Any CPU.Build.0 = Debug|Any CPU
	EndGlobalSection
	GlobalSection(SolutionProperties) = preSolution
		HideSolutionNode = FALSE
	EndGlobalSection
	GlobalSection(ExtensibilityGlobals) = postSolution
		SolutionGuid = {FE4C50F5-56C0-4F69-9374-DD8DBD02393F}
	EndGlobalSection
EndGlobal
